
Microsoft Visual Studio Solution File, Format Version 12.00
# Visual Studio Version 17
VisualStudioVersion = 17.8.34525.116
MinimumVisualStudioVersion = 10.0.40219.1
Project("{9A19103F-16F7-4668-BE54-9A1E7A4F7556}") = "CustomerDatabaseAPI.Server", "CustomerDatabaseAPI.Server\CustomerDatabaseAPI.Server.csproj", "{EA993039-3EFE-458D-B436-A7A04A6DDADF}"
EndProject
Project("{54A90642-561A-4BB1-A94E-469ADEE60C69}") = "customerdatabaseapi.client", "customerdatabaseapi.client\customerdatabaseapi.client.esproj", "{1B7DDD11-AA70-41C7-95C1-892A74FB5475}"
EndProject
Global
	GlobalSection(SolutionConfigurationPlatforms) = preSolution
		Debug|Any CPU = Debug|Any CPU
		Release|Any CPU = Release|Any CPU
	EndGlobalSection
	GlobalSection(ProjectConfigurationPlatforms) = postSolution
		{EA993039-3EFE-458D-B436-A7A04A6DDADF}.Debug|Any CPU.ActiveCfg = Debug|Any CPU
		{EA993039-3EFE-458D-B436-A7A04A6DDADF}.Debug|Any CPU.Build.0 = Debug|Any CPU
		{EA993039-3EFE-458D-B436-A7A04A6DDADF}.Release|Any CPU.ActiveCfg = Release|Any CPU
		{EA993039-3EFE-458D-B436-A7A04A6DDADF}.Release|Any CPU.Build.0 = Release|Any CPU
		{1B7DDD11-AA70-41C7-95C1-892A74FB5475}.Debug|Any CPU.ActiveCfg = Debug|Any CPU
		{1B7DDD11-AA70-41C7-95C1-892A74FB5475}.Debug|Any CPU.Build.0 = Debug|Any CPU
		{1B7DDD11-AA70-41C7-95C1-892A74FB5475}.Debug|Any CPU.Deploy.0 = Debug|Any CPU
		{1B7DDD11-AA70-41C7-95C1-892A74FB5475}.Release|Any CPU.ActiveCfg = Release|Any CPU
		{1B7DDD11-AA70-41C7-95C1-892A74FB5475}.Release|Any CPU.Build.0 = Release|Any CPU
		{1B7DDD11-AA70-41C7-95C1-892A74FB5475}.Release|Any CPU.Deploy.0 = Release|Any CPU
	EndGlobalSection
	GlobalSection(SolutionProperties) = preSolution
		HideSolutionNode = FALSE
	EndGlobalSection
	GlobalSection(ExtensibilityGlobals) = postSolution
		SolutionGuid = {BF946C83-5523-4BC8-8FA0-993FE6049449}
	EndGlobalSection
EndGlobal
